
Microsoft Visual Studio Solution File, Format Version 12.00
# Visual Studio Version 17
VisualStudioVersion = 17.10.34916.146
MinimumVisualStudioVersion = 10.0.40219.1
Project("{8BC9CEB8-8B4A-11D0-8D11-00A0C91BC942}") = "Operations", "Operations\Operations.vcxproj", "{831DBD9A-1F27-49CD-85B3-EC18DD72C328}"
EndProject
Global
	GlobalSection(SolutionConfigurationPlatforms) = preSolution
		Debug|x64 = Debug|x64
		Debug|x86 = Debug|x86
		Release|x64 = Release|x64
		Release|x86 = Release|x86
	EndGlobalSection
	GlobalSection(ProjectConfigurationPlatforms) = postSolution
		{831DBD9A-1F27-49CD-85B3-EC18DD72C328}.Debug|x64.ActiveCfg = Debug|x64
		{831DBD9A-1F27-49CD-85B3-EC18DD72C328}.Debug|x64.Build.0 = Debug|x64
		{831DBD9A-1F27-49CD-85B3-EC18DD72C328}.Debug|x86.ActiveCfg = Debug|Win32
		{831DBD9A-1F27-49CD-85B3-EC18DD72C328}.Debug|x86.Build.0 = Debug|Win32
		{831DBD9A-1F27-49CD-85B3-EC18DD72C328}.Release|x64.ActiveCfg = Release|x64
		{831DBD9A-1F27-49CD-85B3-EC18DD72C328}.Release|x64.Build.0 = Release|x64
		{831DBD9A-1F27-49CD-85B3-EC18DD72C328}.Release|x86.ActiveCfg = Release|Win32
		{831DBD9A-1F27-49CD-85B3-EC18DD72C328}.Release|x86.Build.0 = Release|Win32
	EndGlobalSection
	GlobalSection(SolutionProperties) = preSolution
		HideSolutionNode = FALSE
	EndGlobalSection
	GlobalSection(ExtensibilityGlobals) = postSolution
		SolutionGuid = {11744402-3336-45B1-BC02-884D38BC6529}
	EndGlobalSection
EndGlobal
